
Microsoft Visual Studio Solution File, Format Version 12.00
# Visual Studio Version 17
VisualStudioVersion = 17.3.32929.385
MinimumVisualStudioVersion = 10.0.40219.1
Project("{9A19103F-16F7-4668-BE54-9A1E7A4F7556}") = "SlothOrganizer.Domain", "SlothOrganizer.Domain\SlothOrganizer.Domain.csproj", "{5181AB17-6FB6-444C-9E87-7442DA024438}"
EndProject
Project("{9A19103F-16F7-4668-BE54-9A1E7A4F7556}") = "SlothOrganizer.Contracts", "SlothOrganizer.Contracts\SlothOrganizer.Contracts.csproj", "{1B096486-4A73-4871-AA7E-D95CC4EF6130}"
EndProject
Project("{9A19103F-16F7-4668-BE54-9A1E7A4F7556}") = "SlothOrganizer.Services.Abstractions", "SlothOrganizer.Services.Abstractions\SlothOrganizer.Services.Abstractions.csproj", "{0AF3FA3C-52F8-489D-845C-11F2CAAA53FB}"
EndProject
Project("{9A19103F-16F7-4668-BE54-9A1E7A4F7556}") = "SlothOrganizer.Services", "SlothOrganizer.Services\SlothOrganizer.Services.csproj", "{DD94D55A-0D86-4D11-B519-E4B8AE8F2A5B}"
EndProject
Project("{9A19103F-16F7-4668-BE54-9A1E7A4F7556}") = "SlothOrganizer.Persistence", "SlothOrganizer.Persistence\SlothOrganizer.Persistence.csproj", "{1598EE11-8E75-4AB7-95D4-E1F0B550D248}"
EndProject
Project("{9A19103F-16F7-4668-BE54-9A1E7A4F7556}") = "SlothOrganizer.Presentation", "SlothOrganizer.Presentation\SlothOrganizer.Presentation.csproj", "{74EC38CD-84AF-462C-A080-3ABD3F24DA5A}"
EndProject
Project("{9A19103F-16F7-4668-BE54-9A1E7A4F7556}") = "SlothOrganizer.Web", "SlothOrganizer.Web\SlothOrganizer.Web.csproj", "{93356AB4-3B29-43FE-8448-04560430D472}"
EndProject
Project("{FAE04EC0-301F-11D3-BF4B-00C04F79EFBC}") = "SlothOrganizer.Services.Tests.Unit", "SlothOrganizer.Services.Tests.Unit\SlothOrganizer.Services.Tests.Unit.csproj", "{0FF3B21E-69B5-453D-A125-CBC70287E2FC}"
EndProject
Global
	GlobalSection(SolutionConfigurationPlatforms) = preSolution
		Debug|Any CPU = Debug|Any CPU
		Release|Any CPU = Release|Any CPU
	EndGlobalSection
	GlobalSection(ProjectConfigurationPlatforms) = postSolution
		{5181AB17-6FB6-444C-9E87-7442DA024438}.Debug|Any CPU.ActiveCfg = Debug|Any CPU
		{5181AB17-6FB6-444C-9E87-7442DA024438}.Debug|Any CPU.Build.0 = Debug|Any CPU
		{5181AB17-6FB6-444C-9E87-7442DA024438}.Release|Any CPU.ActiveCfg = Release|Any CPU
		{5181AB17-6FB6-444C-9E87-7442DA024438}.Release|Any CPU.Build.0 = Release|Any CPU
		{1B096486-4A73-4871-AA7E-D95CC4EF6130}.Debug|Any CPU.ActiveCfg = Debug|Any CPU
		{1B096486-4A73-4871-AA7E-D95CC4EF6130}.Debug|Any CPU.Build.0 = Debug|Any CPU
		{1B096486-4A73-4871-AA7E-D95CC4EF6130}.Release|Any CPU.ActiveCfg = Release|Any CPU
		{1B096486-4A73-4871-AA7E-D95CC4EF6130}.Release|Any CPU.Build.0 = Release|Any CPU
		{0AF3FA3C-52F8-489D-845C-11F2CAAA53FB}.Debug|Any CPU.ActiveCfg = Debug|Any CPU
		{0AF3FA3C-52F8-489D-845C-11F2CAAA53FB}.Debug|Any CPU.Build.0 = Debug|Any CPU
		{0AF3FA3C-52F8-489D-845C-11F2CAAA53FB}.Release|Any CPU.ActiveCfg = Release|Any CPU
		{0AF3FA3C-52F8-489D-845C-11F2CAAA53FB}.Release|Any CPU.Build.0 = Release|Any CPU
		{DD94D55A-0D86-4D11-B519-E4B8AE8F2A5B}.Debug|Any CPU.ActiveCfg = Debug|Any CPU
		{DD94D55A-0D86-4D11-B519-E4B8AE8F2A5B}.Debug|Any CPU.Build.0 = Debug|Any CPU
		{DD94D55A-0D86-4D11-B519-E4B8AE8F2A5B}.Release|Any CPU.ActiveCfg = Release|Any CPU
		{DD94D55A-0D86-4D11-B519-E4B8AE8F2A5B}.Release|Any CPU.Build.0 = Release|Any CPU
		{1598EE11-8E75-4AB7-95D4-E1F0B550D248}.Debug|Any CPU.ActiveCfg = Debug|Any CPU
		{1598EE11-8E75-4AB7-95D4-E1F0B550D248}.Debug|Any CPU.Build.0 = Debug|Any CPU
		{1598EE11-8E75-4AB7-95D4-E1F0B550D248}.Release|Any CPU.ActiveCfg = Release|Any CPU
		{1598EE11-8E75-4AB7-95D4-E1F0B550D248}.Release|Any CPU.Build.0 = Release|Any CPU
		{74EC38CD-84AF-462C-A080-3ABD3F24DA5A}.Debug|Any CPU.ActiveCfg = Debug|Any CPU
		{74EC38CD-84AF-462C-A080-3ABD3F24DA5A}.Debug|Any CPU.Build.0 = Debug|Any CPU
		{74EC38CD-84AF-462C-A080-3ABD3F24DA5A}.Release|Any CPU.ActiveCfg = Release|Any CPU
		{74EC38CD-84AF-462C-A080-3ABD3F24DA5A}.Release|Any CPU.Build.0 = Release|Any CPU
		{93356AB4-3B29-43FE-8448-04560430D472}.Debug|Any CPU.ActiveCfg = Debug|Any CPU
		{93356AB4-3B29-43FE-8448-04560430D472}.Debug|Any CPU.Build.0 = Debug|Any CPU
		{93356AB4-3B29-43FE-8448-04560430D472}.Release|Any CPU.ActiveCfg = Release|Any CPU
		{93356AB4-3B29-43FE-8448-04560430D472}.Release|Any CPU.Build.0 = Release|Any CPU
		{0FF3B21E-69B5-453D-A125-CBC70287E2FC}.Debug|Any CPU.ActiveCfg = Debug|Any CPU
		{0FF3B21E-69B5-453D-A125-CBC70287E2FC}.Debug|Any CPU.Build.0 = Debug|Any CPU
		{0FF3B21E-69B5-453D-A125-CBC70287E2FC}.Release|Any CPU.ActiveCfg = Release|Any CPU
		{0FF3B21E-69B5-453D-A125-CBC70287E2FC}.Release|Any CPU.Build.0 = Release|Any CPU
	EndGlobalSection
	GlobalSection(SolutionProperties) = preSolution
		HideSolutionNode = FALSE
	EndGlobalSection
	GlobalSection(ExtensibilityGlobals) = postSolution
		SolutionGuid = {32CF6AD4-B451-4CB1-8C51-F0FB838421B9}
	EndGlobalSection
EndGlobal
